
Microsoft Visual Studio Solution File, Format Version 12.00
# Visual Studio Version 16
VisualStudioVersion = 16.0.32002.261
MinimumVisualStudioVersion = 10.0.40219.1
Project("{FAE04EC0-301F-11D3-BF4B-00C04F79EFBC}") = "MvcProjeKampi", "MvcProjeKampi\MvcProjeKampi.csproj", "{1714D610-3DC3-4456-874D-C590081E9432}"
EndProject
Project("{FAE04EC0-301F-11D3-BF4B-00C04F79EFBC}") = "EntityLayer", "EntityLayer\EntityLayer.csproj", "{E1849182-D840-4BA6-A1C3-3C775D43BADF}"
EndProject
Project("{FAE04EC0-301F-11D3-BF4B-00C04F79EFBC}") = "DataAccessLayer", "DataAccessLayer\DataAccessLayer.csproj", "{FF0EF7FD-3DF0-4E17-ABA7-714B775818EC}"
EndProject
Project("{FAE04EC0-301F-11D3-BF4B-00C04F79EFBC}") = "BusinessLayer", "BusinessLayer\BusinessLayer.csproj", "{4D5E5CA7-8EFA-46B8-A3B9-A50133B199C9}"
EndProject
Global
	GlobalSection(SolutionConfigurationPlatforms) = preSolution
		Debug|Any CPU = Debug|Any CPU
		Release|Any CPU = Release|Any CPU
	EndGlobalSection
	GlobalSection(ProjectConfigurationPlatforms) = postSolution
		{1714D610-3DC3-4456-874D-C590081E9432}.Debug|Any CPU.ActiveCfg = Debug|Any CPU
		{1714D610-3DC3-4456-874D-C590081E9432}.Debug|Any CPU.Build.0 = Debug|Any CPU
		{1714D610-3DC3-4456-874D-C590081E9432}.Release|Any CPU.ActiveCfg = Release|Any CPU
		{1714D610-3DC3-4456-874D-C590081E9432}.Release|Any CPU.Build.0 = Release|Any CPU
		{E1849182-D840-4BA6-A1C3-3C775D43BADF}.Debug|Any CPU.ActiveCfg = Debug|Any CPU
		{E1849182-D840-4BA6-A1C3-3C775D43BADF}.Debug|Any CPU.Build.0 = Debug|Any CPU
		{E1849182-D840-4BA6-A1C3-3C775D43BADF}.Release|Any CPU.ActiveCfg = Release|Any CPU
		{E1849182-D840-4BA6-A1C3-3C775D43BADF}.Release|Any CPU.Build.0 = Release|Any CPU
		{FF0EF7FD-3DF0-4E17-ABA7-714B775818EC}.Debug|Any CPU.ActiveCfg = Debug|Any CPU
		{FF0EF7FD-3DF0-4E17-ABA7-714B775818EC}.Debug|Any CPU.Build.0 = Debug|Any CPU
		{FF0EF7FD-3DF0-4E17-ABA7-714B775818EC}.Release|Any CPU.ActiveCfg = Release|Any CPU
		{FF0EF7FD-3DF0-4E17-ABA7-714B775818EC}.Release|Any CPU.Build.0 = Release|Any CPU
		{4D5E5CA7-8EFA-46B8-A3B9-A50133B199C9}.Debug|Any CPU.ActiveCfg = Debug|Any CPU
		{4D5E5CA7-8EFA-46B8-A3B9-A50133B199C9}.Debug|Any CPU.Build.0 = Debug|Any CPU
		{4D5E5CA7-8EFA-46B8-A3B9-A50133B199C9}.Release|Any CPU.ActiveCfg = Release|Any CPU
		{4D5E5CA7-8EFA-46B8-A3B9-A50133B199C9}.Release|Any CPU.Build.0 = Release|Any CPU
	EndGlobalSection
	GlobalSection(SolutionProperties) = preSolution
		HideSolutionNode = FALSE
	EndGlobalSection
	GlobalSection(ExtensibilityGlobals) = postSolution
		SolutionGuid = {BB5063D7-CDFA-4C17-91A0-3FE9505BA040}
	EndGlobalSection
EndGlobal
